{
  "object": {
    "pins": [
      {
        "package": "Signals",
        "repositoryURL": "ssh://git@stash.msk.avito.ru:7999/iedm/bluesignals.git",
        "state": {
          "branch": null,
          "revision": "b7331c8bef913f5f8b3cffa6ecfcce679f7c2531",
          "version": "1.0.21"
        }
      },
      {
        "package": "Glob",
        "repositoryURL": "ssh://git@stash.msk.avito.ru:7999/iedm/glob",
        "state": {
          "branch": null,
          "revision": "deda6e163d2ff2a8d7e138e2c3326dbd71157faf",
          "version": "1.0.5"
        }
      },
      {
        "package": "swift-argument-parser",
        "repositoryURL": "ssh://git@stash.msk.avito.ru:7999/iedm/swift-argument-parser",
        "state": {
          "branch": null,
          "revision": "6b2aa2748a7881eebb9f84fb10c01293e15b52ca",
          "version": "0.5.0"
        }
      }
    ]
  },
  "version": 1
}
